
Microsoft Visual Studio Solution File, Format Version 12.00
# Visual Studio 15
VisualStudioVersion = 15.0.27130.2027
MinimumVisualStudioVersion = 10.0.40219.1
Project("{9A19103F-16F7-4668-BE54-9A1E7A4F7556}") = "01.DefineAnInterfaceIPerson", "01.DefineAnInterfaceIPerson\01.DefineAnInterfaceIPerson.csproj", "{37369655-E3B6-4C51-95EB-6B5DED136A29}"
EndProject
Project("{9A19103F-16F7-4668-BE54-9A1E7A4F7556}") = "02.MultipleImplementation", "02.MultipleImplementation\02.MultipleImplementation.csproj", "{944AD473-4E7A-41D8-BDF0-38FE24786E53}"
EndProject
Project("{9A19103F-16F7-4668-BE54-9A1E7A4F7556}") = "03.Ferrari", "03.Ferrari\03.Ferrari.csproj", "{60CE1B52-5FB8-4D9D-B4AA-9AC268531E9B}"
EndProject
Project("{9A19103F-16F7-4668-BE54-9A1E7A4F7556}") = "04.Telephony", "04.Telephony\04.Telephony.csproj", "{7E82E365-E06E-46E0-8F2E-CD63D3888075}"
EndProject
Project("{9A19103F-16F7-4668-BE54-9A1E7A4F7556}") = "05.BorderControl", "05.BorderControl\05.BorderControl.csproj", "{CD522713-012F-4EEB-AAB8-F3A6F709865F}"
EndProject
Project("{9A19103F-16F7-4668-BE54-9A1E7A4F7556}") = "06.BirthdayCelebrations", "06.BirthdayCelebrations\06.BirthdayCelebrations.csproj", "{F184656A-A5E9-4FC3-8449-D98023FDDF19}"
EndProject
Project("{9A19103F-16F7-4668-BE54-9A1E7A4F7556}") = "07.FoodShortage", "07.FoodShortage\07.FoodShortage.csproj", "{396B2357-00B5-414D-A1BE-234DB5CFC3C2}"
EndProject
Project("{FAE04EC0-301F-11D3-BF4B-00C04F79EFBC}") = "08.MilitaryElite", "08.MilitaryElite\08.MilitaryElite.csproj", "{C2521E89-250B-404F-A9E7-59A3EC932234}"
EndProject
Global
	GlobalSection(SolutionConfigurationPlatforms) = preSolution
		Debug|Any CPU = Debug|Any CPU
		Release|Any CPU = Release|Any CPU
	EndGlobalSection
	GlobalSection(ProjectConfigurationPlatforms) = postSolution
		{37369655-E3B6-4C51-95EB-6B5DED136A29}.Debug|Any CPU.ActiveCfg = Debug|Any CPU
		{37369655-E3B6-4C51-95EB-6B5DED136A29}.Debug|Any CPU.Build.0 = Debug|Any CPU
		{37369655-E3B6-4C51-95EB-6B5DED136A29}.Release|Any CPU.ActiveCfg = Release|Any CPU
		{37369655-E3B6-4C51-95EB-6B5DED136A29}.Release|Any CPU.Build.0 = Release|Any CPU
		{944AD473-4E7A-41D8-BDF0-38FE24786E53}.Debug|Any CPU.ActiveCfg = Debug|Any CPU
		{944AD473-4E7A-41D8-BDF0-38FE24786E53}.Debug|Any CPU.Build.0 = Debug|Any CPU
		{944AD473-4E7A-41D8-BDF0-38FE24786E53}.Release|Any CPU.ActiveCfg = Release|Any CPU
		{944AD473-4E7A-41D8-BDF0-38FE24786E53}.Release|Any CPU.Build.0 = Release|Any CPU
		{60CE1B52-5FB8-4D9D-B4AA-9AC268531E9B}.Debug|Any CPU.ActiveCfg = Debug|Any CPU
		{60CE1B52-5FB8-4D9D-B4AA-9AC268531E9B}.Debug|Any CPU.Build.0 = Debug|Any CPU
		{60CE1B52-5FB8-4D9D-B4AA-9AC268531E9B}.Release|Any CPU.ActiveCfg = Release|Any CPU
		{60CE1B52-5FB8-4D9D-B4AA-9AC268531E9B}.Release|Any CPU.Build.0 = Release|Any CPU
		{7E82E365-E06E-46E0-8F2E-CD63D3888075}.Debug|Any CPU.ActiveCfg = Debug|Any CPU
		{7E82E365-E06E-46E0-8F2E-CD63D3888075}.Debug|Any CPU.Build.0 = Debug|Any CPU
		{7E82E365-E06E-46E0-8F2E-CD63D3888075}.Release|Any CPU.ActiveCfg = Release|Any CPU
		{7E82E365-E06E-46E0-8F2E-CD63D3888075}.Release|Any CPU.Build.0 = Release|Any CPU
		{CD522713-012F-4EEB-AAB8-F3A6F709865F}.Debug|Any CPU.ActiveCfg = Debug|Any CPU
		{CD522713-012F-4EEB-AAB8-F3A6F709865F}.Debug|Any CPU.Build.0 = Debug|Any CPU
		{CD522713-012F-4EEB-AAB8-F3A6F709865F}.Release|Any CPU.ActiveCfg = Release|Any CPU
		{CD522713-012F-4EEB-AAB8-F3A6F709865F}.Release|Any CPU.Build.0 = Release|Any CPU
		{F184656A-A5E9-4FC3-8449-D98023FDDF19}.Debug|Any CPU.ActiveCfg = Debug|Any CPU
		{F184656A-A5E9-4FC3-8449-D98023FDDF19}.Debug|Any CPU.Build.0 = Debug|Any CPU
		{F184656A-A5E9-4FC3-8449-D98023FDDF19}.Release|Any CPU.ActiveCfg = Release|Any CPU
		{F184656A-A5E9-4FC3-8449-D98023FDDF19}.Release|Any CPU.Build.0 = Release|Any CPU
		{396B2357-00B5-414D-A1BE-234DB5CFC3C2}.Debug|Any CPU.ActiveCfg = Debug|Any CPU
		{396B2357-00B5-414D-A1BE-234DB5CFC3C2}.Debug|Any CPU.Build.0 = Debug|Any CPU
		{396B2357-00B5-414D-A1BE-234DB5CFC3C2}.Release|Any CPU.ActiveCfg = Release|Any CPU
		{396B2357-00B5-414D-A1BE-234DB5CFC3C2}.Release|Any CPU.Build.0 = Release|Any CPU
		{C2521E89-250B-404F-A9E7-59A3EC932234}.Debug|Any CPU.ActiveCfg = Debug|Any CPU
		{C2521E89-250B-404F-A9E7-59A3EC932234}.Debug|Any CPU.Build.0 = Debug|Any CPU
		{C2521E89-250B-404F-A9E7-59A3EC932234}.Release|Any CPU.ActiveCfg = Release|Any CPU
		{C2521E89-250B-404F-A9E7-59A3EC932234}.Release|Any CPU.Build.0 = Release|Any CPU
	EndGlobalSection
	GlobalSection(SolutionProperties) = preSolution
		HideSolutionNode = FALSE
	EndGlobalSection
	GlobalSection(ExtensibilityGlobals) = postSolution
		SolutionGuid = {D9337926-B531-425F-B07A-34235E35305C}
	EndGlobalSection
EndGlobal
