
Microsoft Visual Studio Solution File, Format Version 12.00
# Visual Studio 15
VisualStudioVersion = 15.0.27130.2027
MinimumVisualStudioVersion = 10.0.40219.1
Project("{FAE04EC0-301F-11D3-BF4B-00C04F79EFBC}") = "01.RhombusOfStars", "01.RhombusOfStars\01.RhombusOfStars.csproj", "{48C0111A-FBB4-456A-940C-4908D38173CD}"
EndProject
Project("{FAE04EC0-301F-11D3-BF4B-00C04F79EFBC}") = "02.PointInRectangle", "02.PointInRectangle\02.PointInRectangle.csproj", "{F3E05DC9-2842-4239-9851-C63EFC81D450}"
EndProject
Project("{FAE04EC0-301F-11D3-BF4B-00C04F79EFBC}") = "03.StudentSystem", "03.StudentSystem\03.StudentSystem.csproj", "{E7FB52CF-E202-4D20-AAA3-151CA8A5C14E}"
EndProject
Project("{FAE04EC0-301F-11D3-BF4B-00C04F79EFBC}") = "04.HotelReservation", "04.HotelReservation\04.HotelReservation.csproj", "{5A9A119F-4922-4FB0-8EE4-76F7BBCB4E0A}"
EndProject
Global
	GlobalSection(SolutionConfigurationPlatforms) = preSolution
		Debug|Any CPU = Debug|Any CPU
		Release|Any CPU = Release|Any CPU
	EndGlobalSection
	GlobalSection(ProjectConfigurationPlatforms) = postSolution
		{48C0111A-FBB4-456A-940C-4908D38173CD}.Debug|Any CPU.ActiveCfg = Debug|Any CPU
		{48C0111A-FBB4-456A-940C-4908D38173CD}.Debug|Any CPU.Build.0 = Debug|Any CPU
		{48C0111A-FBB4-456A-940C-4908D38173CD}.Release|Any CPU.ActiveCfg = Release|Any CPU
		{48C0111A-FBB4-456A-940C-4908D38173CD}.Release|Any CPU.Build.0 = Release|Any CPU
		{F3E05DC9-2842-4239-9851-C63EFC81D450}.Debug|Any CPU.ActiveCfg = Debug|Any CPU
		{F3E05DC9-2842-4239-9851-C63EFC81D450}.Debug|Any CPU.Build.0 = Debug|Any CPU
		{F3E05DC9-2842-4239-9851-C63EFC81D450}.Release|Any CPU.ActiveCfg = Release|Any CPU
		{F3E05DC9-2842-4239-9851-C63EFC81D450}.Release|Any CPU.Build.0 = Release|Any CPU
		{E7FB52CF-E202-4D20-AAA3-151CA8A5C14E}.Debug|Any CPU.ActiveCfg = Debug|Any CPU
		{E7FB52CF-E202-4D20-AAA3-151CA8A5C14E}.Debug|Any CPU.Build.0 = Debug|Any CPU
		{E7FB52CF-E202-4D20-AAA3-151CA8A5C14E}.Release|Any CPU.ActiveCfg = Release|Any CPU
		{E7FB52CF-E202-4D20-AAA3-151CA8A5C14E}.Release|Any CPU.Build.0 = Release|Any CPU
		{5A9A119F-4922-4FB0-8EE4-76F7BBCB4E0A}.Debug|Any CPU.ActiveCfg = Debug|Any CPU
		{5A9A119F-4922-4FB0-8EE4-76F7BBCB4E0A}.Debug|Any CPU.Build.0 = Debug|Any CPU
		{5A9A119F-4922-4FB0-8EE4-76F7BBCB4E0A}.Release|Any CPU.ActiveCfg = Release|Any CPU
		{5A9A119F-4922-4FB0-8EE4-76F7BBCB4E0A}.Release|Any CPU.Build.0 = Release|Any CPU
	EndGlobalSection
	GlobalSection(SolutionProperties) = preSolution
		HideSolutionNode = FALSE
	EndGlobalSection
	GlobalSection(ExtensibilityGlobals) = postSolution
		SolutionGuid = {5839876D-7F2D-4479-8360-D0E44F9E15C2}
	EndGlobalSection
EndGlobal
