
Microsoft Visual Studio Solution File, Format Version 12.00
# Visual Studio 15
VisualStudioVersion = 15.0.26430.14
MinimumVisualStudioVersion = 10.0.40219.1
Project("{9A19103F-16F7-4668-BE54-9A1E7A4F7556}") = "01.MatrixOfPalindromes", "01.MatrixOfPalindromes\01.MatrixOfPalindromes.csproj", "{F3828CDC-3EA4-4086-9EA4-783AB96D8F32}"
EndProject
Project("{FAE04EC0-301F-11D3-BF4B-00C04F79EFBC}") = "02.DiagonalDifference", "02.DiagonalDifference\02.DiagonalDifference.csproj", "{86F83386-8524-4E6A-8FF3-1ED6A05DDB0A}"
EndProject
Global
	GlobalSection(SolutionConfigurationPlatforms) = preSolution
		Debug|Any CPU = Debug|Any CPU
		Release|Any CPU = Release|Any CPU
	EndGlobalSection
	GlobalSection(ProjectConfigurationPlatforms) = postSolution
		{F3828CDC-3EA4-4086-9EA4-783AB96D8F32}.Debug|Any CPU.ActiveCfg = Debug|Any CPU
		{F3828CDC-3EA4-4086-9EA4-783AB96D8F32}.Debug|Any CPU.Build.0 = Debug|Any CPU
		{F3828CDC-3EA4-4086-9EA4-783AB96D8F32}.Release|Any CPU.ActiveCfg = Release|Any CPU
		{F3828CDC-3EA4-4086-9EA4-783AB96D8F32}.Release|Any CPU.Build.0 = Release|Any CPU
		{86F83386-8524-4E6A-8FF3-1ED6A05DDB0A}.Debug|Any CPU.ActiveCfg = Debug|Any CPU
		{86F83386-8524-4E6A-8FF3-1ED6A05DDB0A}.Debug|Any CPU.Build.0 = Debug|Any CPU
		{86F83386-8524-4E6A-8FF3-1ED6A05DDB0A}.Release|Any CPU.ActiveCfg = Release|Any CPU
		{86F83386-8524-4E6A-8FF3-1ED6A05DDB0A}.Release|Any CPU.Build.0 = Release|Any CPU
	EndGlobalSection
	GlobalSection(SolutionProperties) = preSolution
		HideSolutionNode = FALSE
	EndGlobalSection
EndGlobal
