
Microsoft Visual Studio Solution File, Format Version 12.00
# Visual Studio 15
VisualStudioVersion = 15.0.27130.2027
MinimumVisualStudioVersion = 10.0.40219.1
Project("{FAE04EC0-301F-11D3-BF4B-00C04F79EFBC}") = "01.Box", "01.Box\01.Box.csproj", "{757096FC-06BE-4AD7-AE16-B018C4F50C01}"
EndProject
Project("{FAE04EC0-301F-11D3-BF4B-00C04F79EFBC}") = "02.ArrayCreator", "02.ArrayCreator\02.ArrayCreator.csproj", "{B88432F3-F08B-4638-AEDD-52B05479C770}"
EndProject
Project("{FAE04EC0-301F-11D3-BF4B-00C04F79EFBC}") = "03.Scale", "03.Scale\03.Scale.csproj", "{A54B856A-3676-4E87-B62E-04423B32E802}"
EndProject
Global
	GlobalSection(SolutionConfigurationPlatforms) = preSolution
		Debug|Any CPU = Debug|Any CPU
		Release|Any CPU = Release|Any CPU
	EndGlobalSection
	GlobalSection(ProjectConfigurationPlatforms) = postSolution
		{757096FC-06BE-4AD7-AE16-B018C4F50C01}.Debug|Any CPU.ActiveCfg = Debug|Any CPU
		{757096FC-06BE-4AD7-AE16-B018C4F50C01}.Debug|Any CPU.Build.0 = Debug|Any CPU
		{757096FC-06BE-4AD7-AE16-B018C4F50C01}.Release|Any CPU.ActiveCfg = Release|Any CPU
		{757096FC-06BE-4AD7-AE16-B018C4F50C01}.Release|Any CPU.Build.0 = Release|Any CPU
		{B88432F3-F08B-4638-AEDD-52B05479C770}.Debug|Any CPU.ActiveCfg = Debug|Any CPU
		{B88432F3-F08B-4638-AEDD-52B05479C770}.Debug|Any CPU.Build.0 = Debug|Any CPU
		{B88432F3-F08B-4638-AEDD-52B05479C770}.Release|Any CPU.ActiveCfg = Release|Any CPU
		{B88432F3-F08B-4638-AEDD-52B05479C770}.Release|Any CPU.Build.0 = Release|Any CPU
		{A54B856A-3676-4E87-B62E-04423B32E802}.Debug|Any CPU.ActiveCfg = Debug|Any CPU
		{A54B856A-3676-4E87-B62E-04423B32E802}.Debug|Any CPU.Build.0 = Debug|Any CPU
		{A54B856A-3676-4E87-B62E-04423B32E802}.Release|Any CPU.ActiveCfg = Release|Any CPU
		{A54B856A-3676-4E87-B62E-04423B32E802}.Release|Any CPU.Build.0 = Release|Any CPU
	EndGlobalSection
	GlobalSection(SolutionProperties) = preSolution
		HideSolutionNode = FALSE
	EndGlobalSection
	GlobalSection(ExtensibilityGlobals) = postSolution
		SolutionGuid = {0FD06690-5924-4387-84AD-E2C798526C31}
	EndGlobalSection
EndGlobal
