
Microsoft Visual Studio Solution File, Format Version 12.00
# Visual Studio 15
VisualStudioVersion = 15.0.27130.2027
MinimumVisualStudioVersion = 10.0.40219.1
Project("{FAE04EC0-301F-11D3-BF4B-00C04F79EFBC}") = "01.BankAccount", "01.BankAccount\01.BankAccount.csproj", "{9734B3D2-8922-4EB1-BBCA-C427C6F74FF4}"
EndProject
Project("{FAE04EC0-301F-11D3-BF4B-00C04F79EFBC}") = "02.BankAccountMethods", "02.BankAccountMethods\02.BankAccountMethods.csproj", "{4EB0A51B-D104-478B-A050-0B077D7087A0}"
EndProject
Project("{FAE04EC0-301F-11D3-BF4B-00C04F79EFBC}") = "03.TestClient", "03.TestClient\03.TestClient.csproj", "{52C37944-C5FB-432F-B525-ED70BE498145}"
EndProject
Project("{FAE04EC0-301F-11D3-BF4B-00C04F79EFBC}") = "04.PersonClass", "04.PersonClass\04.PersonClass.csproj", "{D6C18E97-8CF9-4CE5-A835-152F77163366}"
EndProject
Global
	GlobalSection(SolutionConfigurationPlatforms) = preSolution
		Debug|Any CPU = Debug|Any CPU
		Release|Any CPU = Release|Any CPU
	EndGlobalSection
	GlobalSection(ProjectConfigurationPlatforms) = postSolution
		{9734B3D2-8922-4EB1-BBCA-C427C6F74FF4}.Debug|Any CPU.ActiveCfg = Debug|Any CPU
		{9734B3D2-8922-4EB1-BBCA-C427C6F74FF4}.Debug|Any CPU.Build.0 = Debug|Any CPU
		{9734B3D2-8922-4EB1-BBCA-C427C6F74FF4}.Release|Any CPU.ActiveCfg = Release|Any CPU
		{9734B3D2-8922-4EB1-BBCA-C427C6F74FF4}.Release|Any CPU.Build.0 = Release|Any CPU
		{4EB0A51B-D104-478B-A050-0B077D7087A0}.Debug|Any CPU.ActiveCfg = Debug|Any CPU
		{4EB0A51B-D104-478B-A050-0B077D7087A0}.Debug|Any CPU.Build.0 = Debug|Any CPU
		{4EB0A51B-D104-478B-A050-0B077D7087A0}.Release|Any CPU.ActiveCfg = Release|Any CPU
		{4EB0A51B-D104-478B-A050-0B077D7087A0}.Release|Any CPU.Build.0 = Release|Any CPU
		{52C37944-C5FB-432F-B525-ED70BE498145}.Debug|Any CPU.ActiveCfg = Debug|Any CPU
		{52C37944-C5FB-432F-B525-ED70BE498145}.Debug|Any CPU.Build.0 = Debug|Any CPU
		{52C37944-C5FB-432F-B525-ED70BE498145}.Release|Any CPU.ActiveCfg = Release|Any CPU
		{52C37944-C5FB-432F-B525-ED70BE498145}.Release|Any CPU.Build.0 = Release|Any CPU
		{D6C18E97-8CF9-4CE5-A835-152F77163366}.Debug|Any CPU.ActiveCfg = Debug|Any CPU
		{D6C18E97-8CF9-4CE5-A835-152F77163366}.Debug|Any CPU.Build.0 = Debug|Any CPU
		{D6C18E97-8CF9-4CE5-A835-152F77163366}.Release|Any CPU.ActiveCfg = Release|Any CPU
		{D6C18E97-8CF9-4CE5-A835-152F77163366}.Release|Any CPU.Build.0 = Release|Any CPU
	EndGlobalSection
	GlobalSection(SolutionProperties) = preSolution
		HideSolutionNode = FALSE
	EndGlobalSection
	GlobalSection(ExtensibilityGlobals) = postSolution
		SolutionGuid = {CEADEA99-4B48-4A3F-B08B-EC57BA183CDA}
	EndGlobalSection
EndGlobal
