
Microsoft Visual Studio Solution File, Format Version 12.00
# Visual Studio 15
VisualStudioVersion = 15.0.27130.2027
MinimumVisualStudioVersion = 10.0.40219.1
Project("{FAE04EC0-301F-11D3-BF4B-00C04F79EFBC}") = "02.CryptoMaster", "02.CryptoMaster\02.CryptoMaster.csproj", "{05815CE3-EE5A-4A99-9172-40C529255BBB}"
EndProject
Project("{FAE04EC0-301F-11D3-BF4B-00C04F79EFBC}") = "03.GreedyTimes", "03.GreedyTimes\03.GreedyTimes.csproj", "{D1A001BF-CD04-43C5-9671-D0F4AFA216D0}"
EndProject
Project("{FAE04EC0-301F-11D3-BF4B-00C04F79EFBC}") = "01.DangerousFloor", "01.DangerousFloor\01.DangerousFloor.csproj", "{511708D6-C94F-486D-B861-0C5F48A61F1E}"
EndProject
Project("{FAE04EC0-301F-11D3-BF4B-00C04F79EFBC}") = "04.TreasureMap", "04.TreasureMap\04.TreasureMap.csproj", "{D5D1EA07-C73B-4BC9-8BFE-544E2607752D}"
EndProject
Global
	GlobalSection(SolutionConfigurationPlatforms) = preSolution
		Debug|Any CPU = Debug|Any CPU
		Release|Any CPU = Release|Any CPU
	EndGlobalSection
	GlobalSection(ProjectConfigurationPlatforms) = postSolution
		{05815CE3-EE5A-4A99-9172-40C529255BBB}.Debug|Any CPU.ActiveCfg = Debug|Any CPU
		{05815CE3-EE5A-4A99-9172-40C529255BBB}.Debug|Any CPU.Build.0 = Debug|Any CPU
		{05815CE3-EE5A-4A99-9172-40C529255BBB}.Release|Any CPU.ActiveCfg = Release|Any CPU
		{05815CE3-EE5A-4A99-9172-40C529255BBB}.Release|Any CPU.Build.0 = Release|Any CPU
		{D1A001BF-CD04-43C5-9671-D0F4AFA216D0}.Debug|Any CPU.ActiveCfg = Debug|Any CPU
		{D1A001BF-CD04-43C5-9671-D0F4AFA216D0}.Debug|Any CPU.Build.0 = Debug|Any CPU
		{D1A001BF-CD04-43C5-9671-D0F4AFA216D0}.Release|Any CPU.ActiveCfg = Release|Any CPU
		{D1A001BF-CD04-43C5-9671-D0F4AFA216D0}.Release|Any CPU.Build.0 = Release|Any CPU
		{511708D6-C94F-486D-B861-0C5F48A61F1E}.Debug|Any CPU.ActiveCfg = Debug|Any CPU
		{511708D6-C94F-486D-B861-0C5F48A61F1E}.Debug|Any CPU.Build.0 = Debug|Any CPU
		{511708D6-C94F-486D-B861-0C5F48A61F1E}.Release|Any CPU.ActiveCfg = Release|Any CPU
		{511708D6-C94F-486D-B861-0C5F48A61F1E}.Release|Any CPU.Build.0 = Release|Any CPU
		{D5D1EA07-C73B-4BC9-8BFE-544E2607752D}.Debug|Any CPU.ActiveCfg = Debug|Any CPU
		{D5D1EA07-C73B-4BC9-8BFE-544E2607752D}.Debug|Any CPU.Build.0 = Debug|Any CPU
		{D5D1EA07-C73B-4BC9-8BFE-544E2607752D}.Release|Any CPU.ActiveCfg = Release|Any CPU
		{D5D1EA07-C73B-4BC9-8BFE-544E2607752D}.Release|Any CPU.Build.0 = Release|Any CPU
	EndGlobalSection
	GlobalSection(SolutionProperties) = preSolution
		HideSolutionNode = FALSE
	EndGlobalSection
	GlobalSection(ExtensibilityGlobals) = postSolution
		SolutionGuid = {8F697C84-4C93-4E0F-81D0-97C52E99E68B}
	EndGlobalSection
EndGlobal
