
Microsoft Visual Studio Solution File, Format Version 12.00
# Visual Studio 15
VisualStudioVersion = 15.0.27130.2027
MinimumVisualStudioVersion = 10.0.40219.1
Project("{FAE04EC0-301F-11D3-BF4B-00C04F79EFBC}") = "NeedForSpeed", "NeedForSpeed\NeedForSpeed.csproj", "{139F3D28-DC16-4677-B365-9A4F141C3394}"
EndProject
Global
	GlobalSection(SolutionConfigurationPlatforms) = preSolution
		Debug|Any CPU = Debug|Any CPU
		Release|Any CPU = Release|Any CPU
	EndGlobalSection
	GlobalSection(ProjectConfigurationPlatforms) = postSolution
		{139F3D28-DC16-4677-B365-9A4F141C3394}.Debug|Any CPU.ActiveCfg = Debug|Any CPU
		{139F3D28-DC16-4677-B365-9A4F141C3394}.Debug|Any CPU.Build.0 = Debug|Any CPU
		{139F3D28-DC16-4677-B365-9A4F141C3394}.Release|Any CPU.ActiveCfg = Release|Any CPU
		{139F3D28-DC16-4677-B365-9A4F141C3394}.Release|Any CPU.Build.0 = Release|Any CPU
	EndGlobalSection
	GlobalSection(SolutionProperties) = preSolution
		HideSolutionNode = FALSE
	EndGlobalSection
	GlobalSection(ExtensibilityGlobals) = postSolution
		SolutionGuid = {1FD54676-49E8-4B27-A2E6-6160B1E1E802}
	EndGlobalSection
EndGlobal
