
Microsoft Visual Studio Solution File, Format Version 12.00
# Visual Studio 15
VisualStudioVersion = 15.0.27130.2027
MinimumVisualStudioVersion = 10.0.40219.1
Project("{FAE04EC0-301F-11D3-BF4B-00C04F79EFBC}") = "GrandPrix", "GrandPrix\GrandPrix.csproj", "{D31541A2-0D4E-47F0-9005-CA037C2A3A34}"
EndProject
Global
	GlobalSection(SolutionConfigurationPlatforms) = preSolution
		Debug|Any CPU = Debug|Any CPU
		Release|Any CPU = Release|Any CPU
	EndGlobalSection
	GlobalSection(ProjectConfigurationPlatforms) = postSolution
		{D31541A2-0D4E-47F0-9005-CA037C2A3A34}.Debug|Any CPU.ActiveCfg = Debug|Any CPU
		{D31541A2-0D4E-47F0-9005-CA037C2A3A34}.Debug|Any CPU.Build.0 = Debug|Any CPU
		{D31541A2-0D4E-47F0-9005-CA037C2A3A34}.Release|Any CPU.ActiveCfg = Release|Any CPU
		{D31541A2-0D4E-47F0-9005-CA037C2A3A34}.Release|Any CPU.Build.0 = Release|Any CPU
	EndGlobalSection
	GlobalSection(SolutionProperties) = preSolution
		HideSolutionNode = FALSE
	EndGlobalSection
	GlobalSection(ExtensibilityGlobals) = postSolution
		SolutionGuid = {633D0B85-87EE-4FC0-B38C-25F15FA77A9E}
	EndGlobalSection
EndGlobal
